
Microsoft Visual Studio Solution File, Format Version 12.00
# Visual Studio Version 17
VisualStudioVersion = 17.0.31903.59
MinimumVisualStudioVersion = 10.0.40219.1
Project("{FAE04EC0-301F-11D3-BF4B-00C04F79EFBC}") = "CustomerAPI_LM3", "CustomerAPI_LM3\CustomerAPI_LM3.csproj", "{D92CAFA9-1647-44BA-8C30-5361A8DAACE7}"
EndProject
Project("{FAE04EC0-301F-11D3-BF4B-00C04F79EFBC}") = "CustomerAPI_Tests", "CustomerAPI_Tests\CustomerAPI_Tests.csproj", "{65D6336D-E741-4EC0-80BB-954CB1111430}"
EndProject
Global
	GlobalSection(SolutionConfigurationPlatforms) = preSolution
		Debug|Any CPU = Debug|Any CPU
		Release|Any CPU = Release|Any CPU
	EndGlobalSection
	GlobalSection(SolutionProperties) = preSolution
		HideSolutionNode = FALSE
	EndGlobalSection
	GlobalSection(ProjectConfigurationPlatforms) = postSolution
		{D92CAFA9-1647-44BA-8C30-5361A8DAACE7}.Debug|Any CPU.ActiveCfg = Debug|Any CPU
		{D92CAFA9-1647-44BA-8C30-5361A8DAACE7}.Debug|Any CPU.Build.0 = Debug|Any CPU
		{D92CAFA9-1647-44BA-8C30-5361A8DAACE7}.Release|Any CPU.ActiveCfg = Release|Any CPU
		{D92CAFA9-1647-44BA-8C30-5361A8DAACE7}.Release|Any CPU.Build.0 = Release|Any CPU
		{65D6336D-E741-4EC0-80BB-954CB1111430}.Debug|Any CPU.ActiveCfg = Debug|Any CPU
		{65D6336D-E741-4EC0-80BB-954CB1111430}.Debug|Any CPU.Build.0 = Debug|Any CPU
		{65D6336D-E741-4EC0-80BB-954CB1111430}.Release|Any CPU.ActiveCfg = Release|Any CPU
		{65D6336D-E741-4EC0-80BB-954CB1111430}.Release|Any CPU.Build.0 = Release|Any CPU
	EndGlobalSection
EndGlobal
